{
  "name": "my_package",
  "version": "1.0.0",
  "lockfileVersion": 2,
  "requires": true,
  "packages": {
    "": {
      "name": "my_package",
      "version": "1.0.0",
      "dependencies": {
        "npm": "^1.0.0"
      }
    },
    "node_modules/npm": {
      "version": "1.4.29",
      "resolved": "https://registry.npmjs.org/npm/-/npm-1.4.29.tgz",
      "integrity": "sha1-E49VN2MMcPR5f2BFyXogh/qI3AE=",
      "bundleDependencies": [
        "abbrev",
        "ansi",
        "ansicolors",
        "ansistyles",
        "archy",
        "block-stream",
        "char-spinner",
        "child-process-close",
        "chmodr",
        "chownr",
        "cmd-shim",
        "columnify",
        "editor",
        "fstream",
        "fstream-npm",
        "github-url-from-git",
        "github-url-from-username-repo",
        "glob",
        "graceful-fs",
        "inflight",
        "inherits",
        "ini",
        "init-package-json",
        "lockfile",
        "lru-cache",
        "minimatch",
        "mkdirp",
        "node-gyp",
        "nopt",
        "npm-cache-filename",
        "npm-install-checks",
        "npm-registry-client",
        "npm-user-validate",
        "npmconf",
        "npmlog",
        "once",
        "opener",
        "osenv",
        "path-is-inside",
        "read",
        "read-installed",
        "read-package-json",
        "request",
        "retry",
        "rimraf",
        "semver",
        "sha",
        "slide",
        "sorted-object",
        "tar",
        "text-table",
        "uid-number",
        "which"
      ],
      "dependencies": {
        "abbrev": "~1.0.5",
        "ansi": "~0.3.0",
        "ansicolors": "~0.3.2",
        "ansistyles": "~0.1.3",
        "archy": "0",
        "block-stream": "0.0.7",
        "char-spinner": "~1.0.1",
        "child-process-close": "~0.1.1",
        "chmodr": "~0.1.0",
        "chownr": "0",
        "cmd-shim": "2.0.0",
        "columnify": "~1.2.1",
        "editor": "~0.1.0",
        "fstream": "~1.0.2",
        "fstream-npm": "~1.0.0",
        "github-url-from-git": "~1.4.0",
        "github-url-from-username-repo": "~1.0.0",
        "glob": "~4.0.5",
        "graceful-fs": "~3.0.0",
        "inflight": "~1.0.1",
        "inherits": "*",
        "ini": "~1.2.0",
        "init-package-json": "~1.0.0",
        "lockfile": "~1.0.0",
        "lru-cache": "~2.5.0",
        "minimatch": "~1.0.0",
        "mkdirp": "~0.5.0",
        "node-gyp": "~1.0.1",
        "nopt": "~3.0.1",
        "npm-cache-filename": "~1.0.1",
        "npm-install-checks": "~1.0.2",
        "npm-registry-client": "~2.0.7",
        "npm-user-validate": "~0.1.0",
        "npmconf": "~1.1.8",
        "npmlog": "~0.1.1",
        "once": "~1.3.0",
        "opener": "~1.3.0",
        "osenv": "~0.1.0",
        "path-is-inside": "~1.0.0",
        "read": "~1.0.4",
        "read-installed": "~2.0.5",
        "read-package-json": "~1.2.7",
        "request": "~2.42.0",
        "retry": "~0.6.0",
        "rimraf": "~2.2.8",
        "semver": "~2.3.0",
        "sha": "~1.2.1",
        "slide": "~1.1.6",
        "sorted-object": "~1.0.0",
        "tar": "~1.0.1",
        "text-table": "~0.2.0",
        "uid-number": "0.0.5",
        "which": "1"
      },
      "bin": {
        "npm": "bin/npm-cli.js"
      },
      "engines": {
        "node": ">=0.8",
        "npm": "1"
      }
    },
    "node_modules/npm/node_modules/abbrev": {
      "version": "1.0.5",
      "inBundle": true,
      "license": "MIT"
    },
    "node_modules/npm/node_modules/ansi": {
      "version": "0.3.0",
      "inBundle": true
    },
    "node_modules/npm/node_modules/ansicolors": {
      "version": "0.3.2",
      "inBundle": true,
      "license": "MIT"
    },
    "node_modules/npm/node_modules/ansistyles": {
      "version": "0.1.3",
      "inBundle": true,
      "license": "MIT"
    },
    "node_modules/npm/node_modules/archy": {
      "version": "0.0.2",
      "inBundle": true,
      "license": "MIT/X11",
      "engines": {
        "node": "*"
      }
    },
    "node_modules/npm/node_modules/block-stream": {
      "version": "0.0.7",
      "inBundle": true,
      "license": "BSD",
      "dependencies": {
        "inherits": "~2.0.0"
      },
      "engines": {
        "node": "0.4 || >=0.5.8"
      }
    },
    "node_modules/npm/node_modules/char-spinner": {
      "version": "1.0.1",
      "inBundle": true,
      "license": "ISC"
    },
    "node_modules/npm/node_modules/child-process-close": {
      "version": "0.1.1",
      "inBundle": true,
      "license": "MIT"
    },
    "node_modules/npm/node_modules/chmodr": {
      "version": "0.1.0",
      "inBundle": true,
      "license": "BSD"
    },
    "node_modules/npm/node_modules/chownr": {
      "version": "0.0.1",
      "inBundle": true,
      "license": "BSD",
      "engines": {
        "node": "*"
      }
    },
    "node_modules/npm/node_modules/cmd-shim": {
      "version": "2.0.0",
      "inBundle": true,
      "license": "BSD",
      "dependencies": {
        "mkdirp": "~0.5.0"
      },
      "optionalDependencies": {
        "graceful-fs": "^3.0.2"
      }
    },
    "node_modules/npm/node_modules/columnify": {
      "version": "1.2.1",
      "inBundle": true,
      "license": "MIT",
      "dependencies": {
        "strip-ansi": "^1.0.0",
        "wcwidth": "^1.0.0"
      }
    },
    "node_modules/npm/node_modules/columnify/node_modules/strip-ansi": {
      "version": "1.0.0",
      "inBundle": true,
      "license": "MIT",
      "dependencies": {
        "ansi-regex": "^0.2.1"
      },
      "bin": {
        "strip-ansi": "cli.js"
      },
      "engines": {
        "node": ">=0.10.0"
      }
    },
    "node_modules/npm/node_modules/columnify/node_modules/strip-ansi/node_modules/ansi-regex": {
      "version": "0.2.1",
      "inBundle": true,
      "license": "MIT",
      "engines": {
        "node": ">=0.10.0"
      }
    },
    "node_modules/npm/node_modules/columnify/node_modules/wcwidth": {
      "version": "1.0.0",
      "inBundle": true,
      "license": "MIT",
      "dependencies": {
        "defaults": "^1.0.0"
      }
    },
    "node_modules/npm/node_modules/columnify/node_modules/wcwidth/node_modules/defaults": {
      "version": "1.0.0",
      "inBundle": true,
      "license": "MIT",
      "dependencies": {
        "clone": "~0.1.5"
      }
    },
    "node_modules/npm/node_modules/columnify/node_modules/wcwidth/node_modules/defaults/node_modules/clone": {
      "version": "0.1.18",
      "inBundle": true,
      "license": "MIT",
      "engines": {
        "node": "*"
      }
    },
    "node_modules/npm/node_modules/editor": {
      "version": "0.1.0",
      "inBundle": true,
      "license": "MIT"
    },
    "node_modules/npm/node_modules/fstream": {
      "version": "1.0.2",
      "inBundle": true,
      "license": "BSD",
      "dependencies": {
        "graceful-fs": "3",
        "inherits": "~2.0.0",
        "mkdirp": ">=0.5 0",
        "rimraf": "2"
      },
      "engines": {
        "node": ">=0.6"
      }
    },
    "node_modules/npm/node_modules/fstream-npm": {
      "version": "1.0.0",
      "inBundle": true,
      "license": "ISC",
      "dependencies": {
        "fstream-ignore": "^1.0.0",
        "inherits": "2"
      }
    },
    "node_modules/npm/node_modules/fstream-npm/node_modules/fstream-ignore": {
      "version": "1.0.1",
      "inBundle": true,
      "license": "ISC",
      "dependencies": {
        "fstream": "^1.0.0",
        "inherits": "2",
        "minimatch": "^1.0.0"
      }
    },
    "node_modules/npm/node_modules/github-url-from-git": {
      "version": "1.4.0",
      "inBundle": true,
      "license": "MIT"
    },
    "node_modules/npm/node_modules/github-url-from-username-repo": {
      "version": "1.0.0",
      "inBundle": true,
      "license": "BSD-2-Clause"
    },
    "node_modules/npm/node_modules/glob": {
      "version": "4.0.5",
      "inBundle": true,
      "license": "ISC",
      "dependencies": {
        "inherits": "2",
        "minimatch": "^1.0.0",
        "once": "^1.3.0"
      },
      "engines": {
        "node": "*"
      },
      "optionalDependencies": {
        "graceful-fs": "^3.0.2"
      }
    },
    "node_modules/npm/node_modules/graceful-fs": {
      "version": "3.0.2",
      "inBundle": true,
      "license": "BSD",
      "engines": {
        "node": ">=0.4.0"
      }
    },
    "node_modules/npm/node_modules/inflight": {
      "version": "1.0.1",
      "inBundle": true,
      "license": "ISC",
      "dependencies": {
        "once": "^1.3.0"
      }
    },
    "node_modules/npm/node_modules/inherits": {
      "version": "2.0.1",
      "inBundle": true,
      "license": "ISC"
    },
    "node_modules/npm/node_modules/ini": {
      "version": "1.2.1",
      "inBundle": true,
      "engines": {
        "node": "*"
      }
    },
    "node_modules/npm/node_modules/init-package-json": {
      "version": "1.0.0",
      "inBundle": true,
      "license": "ISC",
      "dependencies": {
        "glob": "^4.0.2",
        "promzard": "~0.2.0",
        "read": "~1.0.1",
        "read-package-json": "1",
        "semver": "2.x || 3.x"
      }
    },
    "node_modules/npm/node_modules/init-package-json/node_modules/promzard": {
      "version": "0.2.2",
      "inBundle": true,
      "license": "ISC",
      "dependencies": {
        "read": "1"
      }
    },
    "node_modules/npm/node_modules/lockfile": {
      "version": "1.0.0",
      "inBundle": true,
      "license": "BSD"
    },
    "node_modules/npm/node_modules/lru-cache": {
      "version": "2.5.0",
      "inBundle": true,
      "license": "MIT"
    },
    "node_modules/npm/node_modules/minimatch": {
      "version": "1.0.0",
      "inBundle": true,
      "license": "MIT",
      "dependencies": {
        "lru-cache": "2",
        "sigmund": "~1.0.0"
      },
      "engines": {
        "node": "*"
      }
    },
    "node_modules/npm/node_modules/minimatch/node_modules/sigmund": {
      "version": "1.0.0",
      "inBundle": true,
      "license": "BSD"
    },
    "node_modules/npm/node_modules/mkdirp": {
      "version": "0.5.0",
      "inBundle": true,
      "license": "MIT",
      "dependencies": {
        "minimist": "0.0.8"
      },
      "bin": {
        "mkdirp": "bin/cmd.js"
      }
    },
    "node_modules/npm/node_modules/mkdirp/node_modules/minimist": {
      "version": "0.0.8",
      "inBundle": true,
      "license": "MIT"
    },
    "node_modules/npm/node_modules/node-gyp": {
      "version": "1.0.1",
      "inBundle": true,
      "dependencies": {
        "fstream": "^1.0.0",
        "glob": "3 || 4",
        "graceful-fs": "3",
        "minimatch": "1",
        "mkdirp": "^0.5.0",
        "nopt": "2 || 3",
        "npmlog": "0",
        "osenv": "0",
        "request": "2",
        "rimraf": "2",
        "semver": "2.x || 3.x",
        "tar": "^1.0.0",
        "which": "1"
      },
      "bin": {
        "node-gyp": "bin/node-gyp.js"
      },
      "engines": {
        "node": ">= 0.8.0"
      }
    },
    "node_modules/npm/node_modules/nopt": {
      "version": "3.0.1",
      "inBundle": true,
      "license": "MIT",
      "dependencies": {
        "abbrev": "1"
      },
      "bin": {
        "nopt": "bin/nopt.js"
      }
    },
    "node_modules/npm/node_modules/npm-cache-filename": {
      "version": "1.0.1",
      "inBundle": true,
      "license": "ISC"
    },
    "node_modules/npm/node_modules/npm-install-checks": {
      "version": "1.0.2",
      "inBundle": true,
      "license": "BSD-2-Clause",
      "dependencies": {
        "npmlog": "0.1",
        "semver": "^2.3.0"
      }
    },
    "node_modules/npm/node_modules/npm-registry-client": {
      "version": "2.0.7",
      "inBundle": true,
      "license": "ISC",
      "dependencies": {
        "chownr": "0",
        "graceful-fs": "^3.0.0",
        "mkdirp": "^0.5.0",
        "npm-cache-filename": "^1.0.0",
        "request": "2 >=2.25.0",
        "retry": "0.6.0",
        "rimraf": "~2",
        "semver": "2 >=2.2.1",
        "slide": "~1.1.3"
      },
      "optionalDependencies": {
        "npmlog": ""
      }
    },
    "node_modules/npm/node_modules/npm-user-validate": {
      "version": "0.1.0",
      "inBundle": true,
      "license": "BSD"
    },
    "node_modules/npm/node_modules/npmconf": {
      "version": "1.1.8",
      "inBundle": true,
      "license": "ISC",
      "dependencies": {
        "config-chain": "~1.1.8",
        "inherits": "~2.0.0",
        "ini": "^1.2.0",
        "mkdirp": "^0.5.0",
        "nopt": "~3.0.1",
        "once": "~1.3.0",
        "osenv": "^0.1.0",
        "semver": "2",
        "uid-number": "0.0.5"
      }
    },
    "node_modules/npm/node_modules/npmconf/node_modules/config-chain": {
      "version": "1.1.8",
      "inBundle": true,
      "dependencies": {
        "ini": "1",
        "proto-list": "~1.2.1"
      }
    },
    "node_modules/npm/node_modules/npmconf/node_modules/config-chain/node_modules/proto-list": {
      "version": "1.2.3",
      "inBundle": true,
      "license": "MIT"
    },
    "node_modules/npm/node_modules/npmlog": {
      "version": "0.1.1",
      "inBundle": true,
      "license": "BSD",
      "dependencies": {
        "ansi": "~0.3.0"
      }
    },
    "node_modules/npm/node_modules/once": {
      "version": "1.3.0",
      "inBundle": true,
      "license": "BSD"
    },
    "node_modules/npm/node_modules/opener": {
      "version": "1.3.0",
      "inBundle": true,
      "license": "WTFPL",
      "bin": {
        "opener": "opener.js"
      }
    },
    "node_modules/npm/node_modules/osenv": {
      "version": "0.1.0",
      "inBundle": true,
      "license": "BSD"
    },
    "node_modules/npm/node_modules/path-is-inside": {
      "version": "1.0.1",
      "inBundle": true,
      "license": "WTFPL"
    },
    "node_modules/npm/node_modules/read": {
      "version": "1.0.5",
      "inBundle": true,
      "license": "BSD",
      "dependencies": {
        "mute-stream": "~0.0.4"
      },
      "engines": {
        "node": ">=0.8"
      }
    },
    "node_modules/npm/node_modules/read-installed": {
      "version": "2.0.5",
      "inBundle": true,
      "license": "ISC",
      "dependencies": {
        "read-package-json": "1",
        "semver": "2",
        "slide": "~1.1.3",
        "util-extend": "^1.0.1"
      },
      "optionalDependencies": {
        "graceful-fs": "2 || 3"
      }
    },
    "node_modules/npm/node_modules/read-installed/node_modules/util-extend": {
      "version": "1.0.1",
      "inBundle": true,
      "license": "MIT"
    },
    "node_modules/npm/node_modules/read-package-json": {
      "version": "1.2.7",
      "inBundle": true,
      "license": "ISC",
      "dependencies": {
        "github-url-from-git": "^1.3.0",
        "github-url-from-username-repo": "~1.0.0",
        "glob": "^4.0.2",
        "lru-cache": "2",
        "normalize-package-data": "^1.0.0"
      },
      "optionalDependencies": {
        "graceful-fs": "2 || 3"
      }
    },
    "node_modules/npm/node_modules/read-package-json/node_modules/normalize-package-data": {
      "version": "1.0.1",
      "inBundle": true,
      "dependencies": {
        "github-url-from-git": "^1.3.0",
        "github-url-from-username-repo": "^1.0.0",
        "semver": "2 || 3"
      }
    },
    "node_modules/npm/node_modules/read/node_modules/mute-stream": {
      "version": "0.0.4",
      "inBundle": true,
      "license": "BSD"
    },
    "node_modules/npm/node_modules/request": {
      "version": "2.42.0",
      "engines": [
        "node >= 0.8.0"
      ],
      "inBundle": true,
      "license": "Apache-2.0",
      "dependencies": {
        "bl": "~0.9.0",
        "caseless": "~0.6.0",
        "forever-agent": "~0.5.0",
        "json-stringify-safe": "~5.0.0",
        "mime-types": "~1.0.1",
        "node-uuid": "~1.4.0",
        "qs": "~1.2.0",
        "tunnel-agent": "~0.4.0"
      },
      "optionalDependencies": {
        "aws-sign2": "~0.5.0",
        "form-data": "~0.1.0",
        "hawk": "1.1.1",
        "http-signature": "~0.10.0",
        "oauth-sign": "~0.4.0",
        "stringstream": "~0.0.4",
        "tough-cookie": ">=0.12.0"
      }
    },
    "node_modules/npm/node_modules/request/node_modules/aws-sign2": {
      "version": "0.5.0",
      "inBundle": true,
      "optional": true,
      "engines": {
        "node": "*"
      }
    },
    "node_modules/npm/node_modules/request/node_modules/bl": {
      "version": "0.9.1",
      "inBundle": true,
      "license": "MIT",
      "dependencies": {
        "readable-stream": "~1.0.26"
      }
    },
    "node_modules/npm/node_modules/request/node_modules/bl/node_modules/readable-stream": {
      "version": "1.0.31",
      "inBundle": true,
      "license": "MIT",
      "dependencies": {
        "core-util-is": "~1.0.0",
        "inherits": "~2.0.1",
        "isarray": "0.0.1",
        "string_decoder": "~0.10.x"
      }
    },
    "node_modules/npm/node_modules/request/node_modules/bl/node_modules/readable-stream/node_modules/core-util-is": {
      "version": "1.0.1",
      "inBundle": true,
      "license": "MIT"
    },
    "node_modules/npm/node_modules/request/node_modules/bl/node_modules/readable-stream/node_modules/isarray": {
      "version": "0.0.1",
      "inBundle": true,
      "license": "MIT"
    },
    "node_modules/npm/node_modules/request/node_modules/bl/node_modules/readable-stream/node_modules/string_decoder": {
      "version": "0.10.31",
      "inBundle": true,
      "license": "MIT"
    },
    "node_modules/npm/node_modules/request/node_modules/caseless": {
      "version": "0.6.0",
      "inBundle": true,
      "license": "BSD"
    },
    "node_modules/npm/node_modules/request/node_modules/forever-agent": {
      "version": "0.5.2",
      "inBundle": true,
      "engines": {
        "node": "*"
      }
    },
    "node_modules/npm/node_modules/request/node_modules/form-data": {
      "version": "0.1.4",
      "inBundle": true,
      "optional": true,
      "dependencies": {
        "async": "~0.9.0",
        "combined-stream": "~0.0.4",
        "mime": "~1.2.11"
      },
      "engines": {
        "node": ">= 0.8"
      }
    },
    "node_modules/npm/node_modules/request/node_modules/form-data/node_modules/async": {
      "version": "0.9.0",
      "inBundle": true,
      "optional": true
    },
    "node_modules/npm/node_modules/request/node_modules/form-data/node_modules/combined-stream": {
      "version": "0.0.5",
      "inBundle": true,
      "optional": true,
      "dependencies": {
        "delayed-stream": "0.0.5"
      },
      "engines": {
        "node": ">= 0.8"
      }
    },
    "node_modules/npm/node_modules/request/node_modules/form-data/node_modules/combined-stream/node_modules/delayed-stream": {
      "version": "0.0.5",
      "inBundle": true,
      "optional": true,
      "engines": {
        "node": ">=0.4.0"
      }
    },
    "node_modules/npm/node_modules/request/node_modules/form-data/node_modules/mime": {
      "version": "1.2.11",
      "inBundle": true,
      "optional": true
    },
    "node_modules/npm/node_modules/request/node_modules/hawk": {
      "version": "1.1.1",
      "inBundle": true,
      "optional": true,
      "dependencies": {
        "boom": "0.4.x",
        "cryptiles": "0.2.x",
        "hoek": "0.9.x",
        "sntp": "0.2.x"
      },
      "engines": {
        "node": ">=0.8.0"
      }
    },
    "node_modules/npm/node_modules/request/node_modules/hawk/node_modules/boom": {
      "version": "0.4.2",
      "inBundle": true,
      "optional": true,
      "dependencies": {
        "hoek": "0.9.x"
      },
      "engines": {
        "node": ">=0.8.0"
      }
    },
    "node_modules/npm/node_modules/request/node_modules/hawk/node_modules/cryptiles": {
      "version": "0.2.2",
      "inBundle": true,
      "optional": true,
      "dependencies": {
        "boom": "0.4.x"
      },
      "engines": {
        "node": ">=0.8.0"
      }
    },
    "node_modules/npm/node_modules/request/node_modules/hawk/node_modules/hoek": {
      "version": "0.9.1",
      "inBundle": true,
      "optional": true,
      "engines": {
        "node": ">=0.8.0"
      }
    },
    "node_modules/npm/node_modules/request/node_modules/hawk/node_modules/sntp": {
      "version": "0.2.4",
      "inBundle": true,
      "optional": true,
      "dependencies": {
        "hoek": "0.9.x"
      },
      "engines": {
        "node": ">=0.8.0"
      }
    },
    "node_modules/npm/node_modules/request/node_modules/http-signature": {
      "version": "0.10.0",
      "inBundle": true,
      "optional": true,
      "dependencies": {
        "asn1": "0.1.11",
        "assert-plus": "0.1.2",
        "ctype": "0.5.2"
      },
      "engines": {
        "node": ">=0.8"
      }
    },
    "node_modules/npm/node_modules/request/node_modules/http-signature/node_modules/asn1": {
      "version": "0.1.11",
      "inBundle": true,
      "optional": true,
      "engines": {
        "node": ">=0.4.9"
      }
    },
    "node_modules/npm/node_modules/request/node_modules/http-signature/node_modules/assert-plus": {
      "version": "0.1.2",
      "inBundle": true,
      "optional": true,
      "engines": {
        "node": ">=0.6"
      }
    },
    "node_modules/npm/node_modules/request/node_modules/http-signature/node_modules/ctype": {
      "version": "0.5.2",
      "inBundle": true,
      "optional": true,
      "engines": {
        "node": ">= 0.4"
      }
    },
    "node_modules/npm/node_modules/request/node_modules/json-stringify-safe": {
      "version": "5.0.0",
      "inBundle": true,
      "license": "BSD"
    },
    "node_modules/npm/node_modules/request/node_modules/mime-types": {
      "version": "1.0.2",
      "inBundle": true,
      "license": "MIT",
      "engines": {
        "node": ">= 0.8.0"
      }
    },
    "node_modules/npm/node_modules/request/node_modules/node-uuid": {
      "version": "1.4.1",
      "inBundle": true
    },
    "node_modules/npm/node_modules/request/node_modules/oauth-sign": {
      "version": "0.4.0",
      "inBundle": true,
      "optional": true,
      "engines": {
        "node": "*"
      }
    },
    "node_modules/npm/node_modules/request/node_modules/qs": {
      "version": "1.2.2",
      "inBundle": true
    },
    "node_modules/npm/node_modules/request/node_modules/stringstream": {
      "version": "0.0.4",
      "inBundle": true,
      "license": "MIT",
      "optional": true
    },
    "node_modules/npm/node_modules/request/node_modules/tough-cookie": {
      "version": "0.12.1",
      "inBundle": true,
      "license": "MIT",
      "optional": true,
      "dependencies": {
        "punycode": ">=0.2.0"
      },
      "engines": {
        "node": ">=0.4.12"
      }
    },
    "node_modules/npm/node_modules/request/node_modules/tough-cookie/node_modules/punycode": {
      "version": "1.3.1",
      "inBundle": true,
      "optional": true
    },
    "node_modules/npm/node_modules/request/node_modules/tunnel-agent": {
      "version": "0.4.0",
      "inBundle": true,
      "engines": {
        "node": "*"
      }
    },
    "node_modules/npm/node_modules/retry": {
      "version": "0.6.0",
      "inBundle": true,
      "engines": {
        "node": "*"
      }
    },
    "node_modules/npm/node_modules/rimraf": {
      "version": "2.2.8",
      "inBundle": true,
      "license": "MIT",
      "bin": {
        "rimraf": "bin.js"
      }
    },
    "node_modules/npm/node_modules/semver": {
      "version": "2.3.0",
      "inBundle": true,
      "license": "BSD",
      "bin": {
        "semver": "bin/semver"
      }
    },
    "node_modules/npm/node_modules/sha": {
      "version": "1.2.4",
      "inBundle": true,
      "license": "BSD",
      "optionalDependencies": {
        "graceful-fs": "2 || 3",
        "readable-stream": "1.0"
      }
    },
    "node_modules/npm/node_modules/sha/node_modules/readable-stream": {
      "version": "1.0.27-1",
      "inBundle": true,
      "license": "MIT",
      "optional": true,
      "dependencies": {
        "core-util-is": "~1.0.0",
        "inherits": "~2.0.1",
        "isarray": "0.0.1",
        "string_decoder": "~0.10.x"
      }
    },
    "node_modules/npm/node_modules/sha/node_modules/readable-stream/node_modules/core-util-is": {
      "version": "1.0.1",
      "inBundle": true,
      "license": "MIT",
      "optional": true
    },
    "node_modules/npm/node_modules/sha/node_modules/readable-stream/node_modules/isarray": {
      "version": "0.0.1",
      "inBundle": true,
      "license": "MIT",
      "optional": true
    },
    "node_modules/npm/node_modules/sha/node_modules/readable-stream/node_modules/string_decoder": {
      "version": "0.10.25-1",
      "inBundle": true,
      "license": "MIT",
      "optional": true
    },
    "node_modules/npm/node_modules/slide": {
      "version": "1.1.6",
      "inBundle": true,
      "license": "ISC",
      "engines": {
        "node": "*"
      }
    },
    "node_modules/npm/node_modules/sorted-object": {
      "version": "1.0.0",
      "inBundle": true,
      "license": "WTFPL"
    },
    "node_modules/npm/node_modules/tar": {
      "version": "1.0.1",
      "inBundle": true,
      "license": "BSD",
      "dependencies": {
        "block-stream": "*",
        "fstream": "^1.0.2",
        "inherits": "2"
      }
    },
    "node_modules/npm/node_modules/text-table": {
      "version": "0.2.0",
      "inBundle": true,
      "license": "MIT"
    },
    "node_modules/npm/node_modules/uid-number": {
      "version": "0.0.5",
      "inBundle": true,
      "license": "ISC",
      "engines": {
        "node": "*"
      }
    },
    "node_modules/npm/node_modules/which": {
      "version": "1.0.5",
      "inBundle": true,
      "bin": {
        "which": "bin/which"
      },
      "engines": {
        "node": "*"
      }
    }
  },
  "dependencies": {
    "npm": {
      "version": "1.4.29",
      "resolved": "https://registry.npmjs.org/npm/-/npm-1.4.29.tgz",
      "integrity": "sha1-E49VN2MMcPR5f2BFyXogh/qI3AE=",
      "requires": {
        "abbrev": "~1.0.5",
        "ansi": "~0.3.0",
        "ansicolors": "~0.3.2",
        "ansistyles": "~0.1.3",
        "archy": "0",
        "block-stream": "0.0.7",
        "char-spinner": "~1.0.1",
        "child-process-close": "~0.1.1",
        "chmodr": "~0.1.0",
        "chownr": "0",
        "cmd-shim": "2.0.0",
        "columnify": "~1.2.1",
        "editor": "~0.1.0",
        "fstream": "~1.0.2",
        "fstream-npm": "~1.0.0",
        "github-url-from-git": "~1.4.0",
        "github-url-from-username-repo": "~1.0.0",
        "glob": "~4.0.5",
        "graceful-fs": "~3.0.0",
        "inflight": "~1.0.1",
        "inherits": "*",
        "ini": "~1.2.0",
        "init-package-json": "~1.0.0",
        "lockfile": "~1.0.0",
        "lru-cache": "~2.5.0",
        "minimatch": "~1.0.0",
        "mkdirp": "~0.5.0",
        "node-gyp": "~1.0.1",
        "nopt": "~3.0.1",
        "npm-cache-filename": "~1.0.1",
        "npm-install-checks": "~1.0.2",
        "npm-registry-client": "~2.0.7",
        "npm-user-validate": "~0.1.0",
        "npmconf": "~1.1.8",
        "npmlog": "~0.1.1",
        "once": "~1.3.0",
        "opener": "~1.3.0",
        "osenv": "~0.1.0",
        "path-is-inside": "~1.0.0",
        "read": "~1.0.4",
        "read-installed": "~2.0.5",
        "read-package-json": "~1.2.7",
        "request": "~2.42.0",
        "retry": "~0.6.0",
        "rimraf": "~2.2.8",
        "semver": "~2.3.0",
        "sha": "~1.2.1",
        "slide": "~1.1.6",
        "sorted-object": "~1.0.0",
        "tar": "~1.0.1",
        "text-table": "~0.2.0",
        "uid-number": "0.0.5",
        "which": "1"
      },
      "dependencies": {
        "abbrev": {
          "version": "1.0.5",
          "bundled": true
        },
        "ansi": {
          "version": "0.3.0",
          "bundled": true
        },
        "ansicolors": {
          "version": "0.3.2",
          "bundled": true
        },
        "ansistyles": {
          "version": "0.1.3",
          "bundled": true
        },
        "archy": {
          "version": "0.0.2",
          "bundled": true
        },
        "block-stream": {
          "version": "0.0.7",
          "bundled": true,
          "requires": {
            "inherits": "~2.0.0"
          }
        },
        "char-spinner": {
          "version": "1.0.1",
          "bundled": true
        },
        "child-process-close": {
          "version": "0.1.1",
          "bundled": true
        },
        "chmodr": {
          "version": "0.1.0",
          "bundled": true
        },
        "chownr": {
          "version": "0.0.1",
          "bundled": true
        },
        "cmd-shim": {
          "version": "2.0.0",
          "bundled": true,
          "requires": {
            "graceful-fs": "^3.0.2",
            "mkdirp": "~0.5.0"
          }
        },
        "columnify": {
          "version": "1.2.1",
          "bundled": true,
          "requires": {
            "strip-ansi": "^1.0.0",
            "wcwidth": "^1.0.0"
          },
          "dependencies": {
            "strip-ansi": {
              "version": "1.0.0",
              "bundled": true,
              "requires": {
                "ansi-regex": "^0.2.1"
              },
              "dependencies": {
                "ansi-regex": {
                  "version": "0.2.1",
                  "bundled": true
                }
              }
            },
            "wcwidth": {
              "version": "1.0.0",
              "bundled": true,
              "requires": {
                "defaults": "^1.0.0"
              },
              "dependencies": {
                "defaults": {
                  "version": "1.0.0",
                  "bundled": true,
                  "requires": {
                    "clone": "~0.1.5"
                  },
                  "dependencies": {
                    "clone": {
                      "version": "0.1.18",
                      "bundled": true
                    }
                  }
                }
              }
            }
          }
        },
        "editor": {
          "version": "0.1.0",
          "bundled": true
        },
        "fstream": {
          "version": "1.0.2",
          "bundled": true,
          "requires": {
            "graceful-fs": "3",
            "inherits": "~2.0.0",
            "mkdirp": ">=0.5 0",
            "rimraf": "2"
          }
        },
        "fstream-npm": {
          "version": "1.0.0",
          "bundled": true,
          "requires": {
            "fstream-ignore": "^1.0.0",
            "inherits": "2"
          },
          "dependencies": {
            "fstream-ignore": {
              "version": "1.0.1",
              "bundled": true,
              "requires": {
                "fstream": "^1.0.0",
                "inherits": "2",
                "minimatch": "^1.0.0"
              }
            }
          }
        },
        "github-url-from-git": {
          "version": "1.4.0",
          "bundled": true
        },
        "github-url-from-username-repo": {
          "version": "1.0.0",
          "bundled": true
        },
        "glob": {
          "version": "4.0.5",
          "bundled": true,
          "requires": {
            "graceful-fs": "^3.0.2",
            "inherits": "2",
            "minimatch": "^1.0.0",
            "once": "^1.3.0"
          }
        },
        "graceful-fs": {
          "version": "3.0.2",
          "bundled": true
        },
        "inflight": {
          "version": "1.0.1",
          "bundled": true,
          "requires": {
            "once": "^1.3.0"
          }
        },
        "inherits": {
          "version": "2.0.1",
          "bundled": true
        },
        "ini": {
          "version": "1.2.1",
          "bundled": true
        },
        "init-package-json": {
          "version": "1.0.0",
          "bundled": true,
          "requires": {
            "glob": "^4.0.2",
            "promzard": "~0.2.0",
            "read": "~1.0.1",
            "read-package-json": "1",
            "semver": "2.x || 3.x"
          },
          "dependencies": {
            "promzard": {
              "version": "0.2.2",
              "bundled": true,
              "requires": {
                "read": "1"
              }
            }
          }
        },
        "lockfile": {
          "version": "1.0.0",
          "bundled": true
        },
        "lru-cache": {
          "version": "2.5.0",
          "bundled": true
        },
        "minimatch": {
          "version": "1.0.0",
          "bundled": true,
          "requires": {
            "lru-cache": "2",
            "sigmund": "~1.0.0"
          },
          "dependencies": {
            "sigmund": {
              "version": "1.0.0",
              "bundled": true
            }
          }
        },
        "mkdirp": {
          "version": "0.5.0",
          "bundled": true,
          "requires": {
            "minimist": "0.0.8"
          },
          "dependencies": {
            "minimist": {
              "version": "0.0.8",
              "bundled": true
            }
          }
        },
        "node-gyp": {
          "version": "1.0.1",
          "bundled": true,
          "requires": {
            "fstream": "^1.0.0",
            "glob": "3 || 4",
            "graceful-fs": "3",
            "minimatch": "1",
            "mkdirp": "^0.5.0",
            "nopt": "2 || 3",
            "npmlog": "0",
            "osenv": "0",
            "request": "2",
            "rimraf": "2",
            "semver": "2.x || 3.x",
            "tar": "^1.0.0",
            "which": "1"
          }
        },
        "nopt": {
          "version": "3.0.1",
          "bundled": true,
          "requires": {
            "abbrev": "1"
          }
        },
        "npm-cache-filename": {
          "version": "1.0.1",
          "bundled": true
        },
        "npm-install-checks": {
          "version": "1.0.2",
          "bundled": true,
          "requires": {
            "npmlog": "0.1",
            "semver": "^2.3.0"
          }
        },
        "npm-registry-client": {
          "version": "2.0.7",
          "bundled": true,
          "requires": {
            "chownr": "0",
            "graceful-fs": "^3.0.0",
            "mkdirp": "^0.5.0",
            "npm-cache-filename": "^1.0.0",
            "npmlog": "",
            "request": "2 >=2.25.0",
            "retry": "0.6.0",
            "rimraf": "~2",
            "semver": "2 >=2.2.1",
            "slide": "~1.1.3"
          }
        },
        "npm-user-validate": {
          "version": "0.1.0",
          "bundled": true
        },
        "npmconf": {
          "version": "1.1.8",
          "bundled": true,
          "requires": {
            "config-chain": "~1.1.8",
            "inherits": "~2.0.0",
            "ini": "^1.2.0",
            "mkdirp": "^0.5.0",
            "nopt": "~3.0.1",
            "once": "~1.3.0",
            "osenv": "^0.1.0",
            "semver": "2",
            "uid-number": "0.0.5"
          },
          "dependencies": {
            "config-chain": {
              "version": "1.1.8",
              "bundled": true,
              "requires": {
                "ini": "1",
                "proto-list": "~1.2.1"
              },
              "dependencies": {
                "proto-list": {
                  "version": "1.2.3",
                  "bundled": true
                }
              }
            }
          }
        },
        "npmlog": {
          "version": "0.1.1",
          "bundled": true,
          "requires": {
            "ansi": "~0.3.0"
          }
        },
        "once": {
          "version": "1.3.0",
          "bundled": true
        },
        "opener": {
          "version": "1.3.0",
          "bundled": true
        },
        "osenv": {
          "version": "0.1.0",
          "bundled": true
        },
        "path-is-inside": {
          "version": "1.0.1",
          "bundled": true
        },
        "read": {
          "version": "1.0.5",
          "bundled": true,
          "requires": {
            "mute-stream": "~0.0.4"
          },
          "dependencies": {
            "mute-stream": {
              "version": "0.0.4",
              "bundled": true
            }
          }
        },
        "read-installed": {
          "version": "2.0.5",
          "bundled": true,
          "requires": {
            "graceful-fs": "2 || 3",
            "read-package-json": "1",
            "semver": "2",
            "slide": "~1.1.3",
            "util-extend": "^1.0.1"
          },
          "dependencies": {
            "util-extend": {
              "version": "1.0.1",
              "bundled": true
            }
          }
        },
        "read-package-json": {
          "version": "1.2.7",
          "bundled": true,
          "requires": {
            "github-url-from-git": "^1.3.0",
            "github-url-from-username-repo": "~1.0.0",
            "glob": "^4.0.2",
            "graceful-fs": "2 || 3",
            "lru-cache": "2",
            "normalize-package-data": "^1.0.0"
          },
          "dependencies": {
            "normalize-package-data": {
              "version": "1.0.1",
              "bundled": true,
              "requires": {
                "github-url-from-git": "^1.3.0",
                "github-url-from-username-repo": "^1.0.0",
                "semver": "2 || 3"
              }
            }
          }
        },
        "request": {
          "version": "2.42.0",
          "bundled": true,
          "requires": {
            "aws-sign2": "~0.5.0",
            "bl": "~0.9.0",
            "caseless": "~0.6.0",
            "forever-agent": "~0.5.0",
            "form-data": "~0.1.0",
            "hawk": "1.1.1",
            "http-signature": "~0.10.0",
            "json-stringify-safe": "~5.0.0",
            "mime-types": "~1.0.1",
            "node-uuid": "~1.4.0",
            "oauth-sign": "~0.4.0",
            "qs": "~1.2.0",
            "stringstream": "~0.0.4",
            "tough-cookie": ">=0.12.0",
            "tunnel-agent": "~0.4.0"
          },
          "dependencies": {
            "aws-sign2": {
              "version": "0.5.0",
              "bundled": true,
              "optional": true
            },
            "bl": {
              "version": "0.9.1",
              "bundled": true,
              "requires": {
                "readable-stream": "~1.0.26"
              },
              "dependencies": {
                "readable-stream": {
                  "version": "1.0.31",
                  "bundled": true,
                  "requires": {
                    "core-util-is": "~1.0.0",
                    "inherits": "~2.0.1",
                    "isarray": "0.0.1",
                    "string_decoder": "~0.10.x"
                  },
                  "dependencies": {
                    "core-util-is": {
                      "version": "1.0.1",
                      "bundled": true
                    },
                    "isarray": {
                      "version": "0.0.1",
                      "bundled": true
                    },
                    "string_decoder": {
                      "version": "0.10.31",
                      "bundled": true
                    }
                  }
                }
              }
            },
            "caseless": {
              "version": "0.6.0",
              "bundled": true
            },
            "forever-agent": {
              "version": "0.5.2",
              "bundled": true
            },
            "form-data": {
              "version": "0.1.4",
              "bundled": true,
              "optional": true,
              "requires": {
                "async": "~0.9.0",
                "combined-stream": "~0.0.4",
                "mime": "~1.2.11"
              },
              "dependencies": {
                "async": {
                  "version": "0.9.0",
                  "bundled": true,
                  "optional": true
                },
                "combined-stream": {
                  "version": "0.0.5",
                  "bundled": true,
                  "optional": true,
                  "requires": {
                    "delayed-stream": "0.0.5"
                  },
                  "dependencies": {
                    "delayed-stream": {
                      "version": "0.0.5",
                      "bundled": true,
                      "optional": true
                    }
                  }
                },
                "mime": {
                  "version": "1.2.11",
                  "bundled": true,
                  "optional": true
                }
              }
            },
            "hawk": {
              "version": "1.1.1",
              "bundled": true,
              "optional": true,
              "requires": {
                "boom": "0.4.x",
                "cryptiles": "0.2.x",
                "hoek": "0.9.x",
                "sntp": "0.2.x"
              },
              "dependencies": {
                "boom": {
                  "version": "0.4.2",
                  "bundled": true,
                  "optional": true,
                  "requires": {
                    "hoek": "0.9.x"
                  }
                },
                "cryptiles": {
                  "version": "0.2.2",
                  "bundled": true,
                  "optional": true,
                  "requires": {
                    "boom": "0.4.x"
                  }
                },
                "hoek": {
                  "version": "0.9.1",
                  "bundled": true,
                  "optional": true
                },
                "sntp": {
                  "version": "0.2.4",
                  "bundled": true,
                  "optional": true,
                  "requires": {
                    "hoek": "0.9.x"
                  }
                }
              }
            },
            "http-signature": {
              "version": "0.10.0",
              "bundled": true,
              "optional": true,
              "requires": {
                "asn1": "0.1.11",
                "assert-plus": "0.1.2",
                "ctype": "0.5.2"
              },
              "dependencies": {
                "asn1": {
                  "version": "0.1.11",
                  "bundled": true,
                  "optional": true
                },
                "assert-plus": {
                  "version": "0.1.2",
                  "bundled": true,
                  "optional": true
                },
                "ctype": {
                  "version": "0.5.2",
                  "bundled": true,
                  "optional": true
                }
              }
            },
            "json-stringify-safe": {
              "version": "5.0.0",
              "bundled": true
            },
            "mime-types": {
              "version": "1.0.2",
              "bundled": true
            },
            "node-uuid": {
              "version": "1.4.1",
              "bundled": true
            },
            "oauth-sign": {
              "version": "0.4.0",
              "bundled": true,
              "optional": true
            },
            "qs": {
              "version": "1.2.2",
              "bundled": true
            },
            "stringstream": {
              "version": "0.0.4",
              "bundled": true,
              "optional": true
            },
            "tough-cookie": {
              "version": "0.12.1",
              "bundled": true,
              "optional": true,
              "requires": {
                "punycode": ">=0.2.0"
              },
              "dependencies": {
                "punycode": {
                  "version": "1.3.1",
                  "bundled": true,
                  "optional": true
                }
              }
            },
            "tunnel-agent": {
              "version": "0.4.0",
              "bundled": true
            }
          }
        },
        "retry": {
          "version": "0.6.0",
          "bundled": true
        },
        "rimraf": {
          "version": "2.2.8",
          "bundled": true
        },
        "semver": {
          "version": "2.3.0",
          "bundled": true
        },
        "sha": {
          "version": "1.2.4",
          "bundled": true,
          "requires": {
            "graceful-fs": "2 || 3",
            "readable-stream": "1.0"
          },
          "dependencies": {
            "readable-stream": {
              "version": "1.0.27-1",
              "bundled": true,
              "optional": true,
              "requires": {
                "core-util-is": "~1.0.0",
                "inherits": "~2.0.1",
                "isarray": "0.0.1",
                "string_decoder": "~0.10.x"
              },
              "dependencies": {
                "core-util-is": {
                  "version": "1.0.1",
                  "bundled": true,
                  "optional": true
                },
                "isarray": {
                  "version": "0.0.1",
                  "bundled": true,
                  "optional": true
                },
                "string_decoder": {
                  "version": "0.10.25-1",
                  "bundled": true,
                  "optional": true
                }
              }
            }
          }
        },
        "slide": {
          "version": "1.1.6",
          "bundled": true
        },
        "sorted-object": {
          "version": "1.0.0",
          "bundled": true
        },
        "tar": {
          "version": "1.0.1",
          "bundled": true,
          "requires": {
            "block-stream": "*",
            "fstream": "^1.0.2",
            "inherits": "2"
          }
        },
        "text-table": {
          "version": "0.2.0",
          "bundled": true
        },
        "uid-number": {
          "version": "0.0.5",
          "bundled": true
        },
        "which": {
          "version": "1.0.5",
          "bundled": true
        }
      }
    }
  }
}
